
Microsoft Visual Studio Solution File, Format Version 12.00
# Visual Studio Version 16
VisualStudioVersion = 16.0.29318.209
MinimumVisualStudioVersion = 10.0.40219.1
Project("{FAE04EC0-301F-11D3-BF4B-00C04F79EFBC}") = "PetFinder.UWP", "PetFinder.UWP\PetFinder.UWP.csproj", "{927D256B-1F8E-4BB5-B4EB-A97EED1A1307}"
EndProject
Project("{FAE04EC0-301F-11D3-BF4B-00C04F79EFBC}") = "PetFinder.Android", "PetFinder.Android\PetFinder.Android.csproj", "{C51A43D3-6FF6-4545-ACD0-4AC245C107E1}"
EndProject
Project("{FAE04EC0-301F-11D3-BF4B-00C04F79EFBC}") = "PetFinder.iOS", "PetFinder.iOS\PetFinder.iOS.csproj", "{6719B446-3285-488F-A0DD-0B690E28F51A}"
EndProject
Project("{FAE04EC0-301F-11D3-BF4B-00C04F79EFBC}") = "PetFinder", "PetFinder\PetFinder.csproj", "{8F226AF4-EF5F-48F2-A0C7-2F90A03D2694}"
EndProject
Global
	GlobalSection(SolutionConfigurationPlatforms) = preSolution
		Debug|Any CPU = Debug|Any CPU
		Debug|ARM = Debug|ARM
		Debug|iPhone = Debug|iPhone
		Debug|iPhoneSimulator = Debug|iPhoneSimulator
		Debug|x64 = Debug|x64
		Debug|x86 = Debug|x86
		Release|Any CPU = Release|Any CPU
		Release|ARM = Release|ARM
		Release|iPhone = Release|iPhone
		Release|iPhoneSimulator = Release|iPhoneSimulator
		Release|x64 = Release|x64
		Release|x86 = Release|x86
	EndGlobalSection
	GlobalSection(ProjectConfigurationPlatforms) = postSolution
		{927D256B-1F8E-4BB5-B4EB-A97EED1A1307}.Debug|Any CPU.ActiveCfg = Debug|x86
		{927D256B-1F8E-4BB5-B4EB-A97EED1A1307}.Debug|Any CPU.Build.0 = Debug|x86
		{927D256B-1F8E-4BB5-B4EB-A97EED1A1307}.Debug|Any CPU.Deploy.0 = Debug|x86
		{927D256B-1F8E-4BB5-B4EB-A97EED1A1307}.Debug|ARM.ActiveCfg = Debug|ARM
		{927D256B-1F8E-4BB5-B4EB-A97EED1A1307}.Debug|ARM.Build.0 = Debug|ARM
		{927D256B-1F8E-4BB5-B4EB-A97EED1A1307}.Debug|ARM.Deploy.0 = Debug|ARM
		{927D256B-1F8E-4BB5-B4EB-A97EED1A1307}.Debug|iPhone.ActiveCfg = Debug|x86
		{927D256B-1F8E-4BB5-B4EB-A97EED1A1307}.Debug|iPhone.Build.0 = Debug|x86
		{927D256B-1F8E-4BB5-B4EB-A97EED1A1307}.Debug|iPhone.Deploy.0 = Debug|x86
		{927D256B-1F8E-4BB5-B4EB-A97EED1A1307}.Debug|iPhoneSimulator.ActiveCfg = Debug|x86
		{927D256B-1F8E-4BB5-B4EB-A97EED1A1307}.Debug|iPhoneSimulator.Build.0 = Debug|x86
		{927D256B-1F8E-4BB5-B4EB-A97EED1A1307}.Debug|iPhoneSimulator.Deploy.0 = Debug|x86
		{927D256B-1F8E-4BB5-B4EB-A97EED1A1307}.Debug|x64.ActiveCfg = Debug|x64
		{927D256B-1F8E-4BB5-B4EB-A97EED1A1307}.Debug|x64.Build.0 = Debug|x64
		{927D256B-1F8E-4BB5-B4EB-A97EED1A1307}.Debug|x64.Deploy.0 = Debug|x64
		{927D256B-1F8E-4BB5-B4EB-A97EED1A1307}.Debug|x86.ActiveCfg = Debug|x86
		{927D256B-1F8E-4BB5-B4EB-A97EED1A1307}.Debug|x86.Build.0 = Debug|x86
		{927D256B-1F8E-4BB5-B4EB-A97EED1A1307}.Debug|x86.Deploy.0 = Debug|x86
		{927D256B-1F8E-4BB5-B4EB-A97EED1A1307}.Release|Any CPU.ActiveCfg = Release|x86
		{927D256B-1F8E-4BB5-B4EB-A97EED1A1307}.Release|Any CPU.Build.0 = Release|x86
		{927D256B-1F8E-4BB5-B4EB-A97EED1A1307}.Release|Any CPU.Deploy.0 = Release|x86
		{927D256B-1F8E-4BB5-B4EB-A97EED1A1307}.Release|ARM.ActiveCfg = Release|ARM
		{927D256B-1F8E-4BB5-B4EB-A97EED1A1307}.Release|ARM.Build.0 = Release|ARM
		{927D256B-1F8E-4BB5-B4EB-A97EED1A1307}.Release|ARM.Deploy.0 = Release|ARM
		{927D256B-1F8E-4BB5-B4EB-A97EED1A1307}.Release|iPhone.ActiveCfg = Release|x86
		{927D256B-1F8E-4BB5-B4EB-A97EED1A1307}.Release|iPhone.Build.0 = Release|x86
		{927D256B-1F8E-4BB5-B4EB-A97EED1A1307}.Release|iPhone.Deploy.0 = Release|x86
		{927D256B-1F8E-4BB5-B4EB-A97EED1A1307}.Release|iPhoneSimulator.ActiveCfg = Release|x86
		{927D256B-1F8E-4BB5-B4EB-A97EED1A1307}.Release|iPhoneSimulator.Build.0 = Release|x86
		{927D256B-1F8E-4BB5-B4EB-A97EED1A1307}.Release|iPhoneSimulator.Deploy.0 = Release|x86
		{927D256B-1F8E-4BB5-B4EB-A97EED1A1307}.Release|x64.ActiveCfg = Release|x64
		{927D256B-1F8E-4BB5-B4EB-A97EED1A1307}.Release|x64.Build.0 = Release|x64
		{927D256B-1F8E-4BB5-B4EB-A97EED1A1307}.Release|x64.Deploy.0 = Release|x64
		{927D256B-1F8E-4BB5-B4EB-A97EED1A1307}.Release|x86.ActiveCfg = Release|x86
		{927D256B-1F8E-4BB5-B4EB-A97EED1A1307}.Release|x86.Build.0 = Release|x86
		{927D256B-1F8E-4BB5-B4EB-A97EED1A1307}.Release|x86.Deploy.0 = Release|x86
		{C51A43D3-6FF6-4545-ACD0-4AC245C107E1}.Debug|Any CPU.ActiveCfg = Debug|Any CPU
		{C51A43D3-6FF6-4545-ACD0-4AC245C107E1}.Debug|Any CPU.Build.0 = Debug|Any CPU
		{C51A43D3-6FF6-4545-ACD0-4AC245C107E1}.Debug|Any CPU.Deploy.0 = Debug|Any CPU
		{C51A43D3-6FF6-4545-ACD0-4AC245C107E1}.Debug|ARM.ActiveCfg = Debug|Any CPU
		{C51A43D3-6FF6-4545-ACD0-4AC245C107E1}.Debug|ARM.Build.0 = Debug|Any CPU
		{C51A43D3-6FF6-4545-ACD0-4AC245C107E1}.Debug|ARM.Deploy.0 = Debug|Any CPU
		{C51A43D3-6FF6-4545-ACD0-4AC245C107E1}.Debug|iPhone.ActiveCfg = Debug|Any CPU
		{C51A43D3-6FF6-4545-ACD0-4AC245C107E1}.Debug|iPhone.Build.0 = Debug|Any CPU
		{C51A43D3-6FF6-4545-ACD0-4AC245C107E1}.Debug|iPhone.Deploy.0 = Debug|Any CPU
		{C51A43D3-6FF6-4545-ACD0-4AC245C107E1}.Debug|iPhoneSimulator.ActiveCfg = Debug|Any CPU
		{C51A43D3-6FF6-4545-ACD0-4AC245C107E1}.Debug|iPhoneSimulator.Build.0 = Debug|Any CPU
		{C51A43D3-6FF6-4545-ACD0-4AC245C107E1}.Debug|iPhoneSimulator.Deploy.0 = Debug|Any CPU
		{C51A43D3-6FF6-4545-ACD0-4AC245C107E1}.Debug|x64.ActiveCfg = Debug|Any CPU
		{C51A43D3-6FF6-4545-ACD0-4AC245C107E1}.Debug|x64.Build.0 = Debug|Any CPU
		{C51A43D3-6FF6-4545-ACD0-4AC245C107E1}.Debug|x64.Deploy.0 = Debug|Any CPU
		{C51A43D3-6FF6-4545-ACD0-4AC245C107E1}.Debug|x86.ActiveCfg = Debug|Any CPU
		{C51A43D3-6FF6-4545-ACD0-4AC245C107E1}.Debug|x86.Build.0 = Debug|Any CPU
		{C51A43D3-6FF6-4545-ACD0-4AC245C107E1}.Debug|x86.Deploy.0 = Debug|Any CPU
		{C51A43D3-6FF6-4545-ACD0-4AC245C107E1}.Release|Any CPU.ActiveCfg = Release|Any CPU
		{C51A43D3-6FF6-4545-ACD0-4AC245C107E1}.Release|Any CPU.Build.0 = Release|Any CPU
		{C51A43D3-6FF6-4545-ACD0-4AC245C107E1}.Release|Any CPU.Deploy.0 = Release|Any CPU
		{C51A43D3-6FF6-4545-ACD0-4AC245C107E1}.Release|ARM.ActiveCfg = Release|Any CPU
		{C51A43D3-6FF6-4545-ACD0-4AC245C107E1}.Release|ARM.Build.0 = Release|Any CPU
		{C51A43D3-6FF6-4545-ACD0-4AC245C107E1}.Release|ARM.Deploy.0 = Release|Any CPU
		{C51A43D3-6FF6-4545-ACD0-4AC245C107E1}.Release|iPhone.ActiveCfg = Release|Any CPU
		{C51A43D3-6FF6-4545-ACD0-4AC245C107E1}.Release|iPhone.Build.0 = Release|Any CPU
		{C51A43D3-6FF6-4545-ACD0-4AC245C107E1}.Release|iPhone.Deploy.0 = Release|Any CPU
		{C51A43D3-6FF6-4545-ACD0-4AC245C107E1}.Release|iPhoneSimulator.ActiveCfg = Release|Any CPU
		{C51A43D3-6FF6-4545-ACD0-4AC245C107E1}.Release|iPhoneSimulator.Build.0 = Release|Any CPU
		{C51A43D3-6FF6-4545-ACD0-4AC245C107E1}.Release|iPhoneSimulator.Deploy.0 = Release|Any CPU
		{C51A43D3-6FF6-4545-ACD0-4AC245C107E1}.Release|x64.ActiveCfg = Release|Any CPU
		{C51A43D3-6FF6-4545-ACD0-4AC245C107E1}.Release|x64.Build.0 = Release|Any CPU
		{C51A43D3-6FF6-4545-ACD0-4AC245C107E1}.Release|x64.Deploy.0 = Release|Any CPU
		{C51A43D3-6FF6-4545-ACD0-4AC245C107E1}.Release|x86.ActiveCfg = Release|Any CPU
		{C51A43D3-6FF6-4545-ACD0-4AC245C107E1}.Release|x86.Build.0 = Release|Any CPU
		{C51A43D3-6FF6-4545-ACD0-4AC245C107E1}.Release|x86.Deploy.0 = Release|Any CPU
		{6719B446-3285-488F-A0DD-0B690E28F51A}.Debug|Any CPU.ActiveCfg = Debug|iPhone
		{6719B446-3285-488F-A0DD-0B690E28F51A}.Debug|Any CPU.Build.0 = Debug|iPhone
		{6719B446-3285-488F-A0DD-0B690E28F51A}.Debug|Any CPU.Deploy.0 = Debug|iPhone
		{6719B446-3285-488F-A0DD-0B690E28F51A}.Debug|ARM.ActiveCfg = Debug|iPhoneSimulator
		{6719B446-3285-488F-A0DD-0B690E28F51A}.Debug|ARM.Build.0 = Debug|iPhoneSimulator
		{6719B446-3285-488F-A0DD-0B690E28F51A}.Debug|ARM.Deploy.0 = Debug|iPhoneSimulator
		{6719B446-3285-488F-A0DD-0B690E28F51A}.Debug|iPhone.ActiveCfg = Debug|iPhone
		{6719B446-3285-488F-A0DD-0B690E28F51A}.Debug|iPhone.Build.0 = Debug|iPhone
		{6719B446-3285-488F-A0DD-0B690E28F51A}.Debug|iPhone.Deploy.0 = Debug|iPhone
		{6719B446-3285-488F-A0DD-0B690E28F51A}.Debug|iPhoneSimulator.ActiveCfg = Debug|iPhoneSimulator
		{6719B446-3285-488F-A0DD-0B690E28F51A}.Debug|iPhoneSimulator.Build.0 = Debug|iPhoneSimulator
		{6719B446-3285-488F-A0DD-0B690E28F51A}.Debug|iPhoneSimulator.Deploy.0 = Debug|iPhoneSimulator
		{6719B446-3285-488F-A0DD-0B690E28F51A}.Debug|x64.ActiveCfg = Debug|iPhone
		{6719B446-3285-488F-A0DD-0B690E28F51A}.Debug|x64.Build.0 = Debug|iPhone
		{6719B446-3285-488F-A0DD-0B690E28F51A}.Debug|x64.Deploy.0 = Debug|iPhone
		{6719B446-3285-488F-A0DD-0B690E28F51A}.Debug|x86.ActiveCfg = Debug|iPhone
		{6719B446-3285-488F-A0DD-0B690E28F51A}.Debug|x86.Build.0 = Debug|iPhone
		{6719B446-3285-488F-A0DD-0B690E28F51A}.Debug|x86.Deploy.0 = Debug|iPhone
		{6719B446-3285-488F-A0DD-0B690E28F51A}.Release|Any CPU.ActiveCfg = Release|iPhone
		{6719B446-3285-488F-A0DD-0B690E28F51A}.Release|Any CPU.Build.0 = Release|iPhone
		{6719B446-3285-488F-A0DD-0B690E28F51A}.Release|Any CPU.Deploy.0 = Release|iPhone
		{6719B446-3285-488F-A0DD-0B690E28F51A}.Release|ARM.ActiveCfg = Release|iPhone
		{6719B446-3285-488F-A0DD-0B690E28F51A}.Release|ARM.Build.0 = Release|iPhone
		{6719B446-3285-488F-A0DD-0B690E28F51A}.Release|ARM.Deploy.0 = Release|iPhone
		{6719B446-3285-488F-A0DD-0B690E28F51A}.Release|iPhone.ActiveCfg = Release|iPhone
		{6719B446-3285-488F-A0DD-0B690E28F51A}.Release|iPhone.Build.0 = Release|iPhone
		{6719B446-3285-488F-A0DD-0B690E28F51A}.Release|iPhone.Deploy.0 = Release|iPhone
		{6719B446-3285-488F-A0DD-0B690E28F51A}.Release|iPhoneSimulator.ActiveCfg = Release|iPhoneSimulator
		{6719B446-3285-488F-A0DD-0B690E28F51A}.Release|iPhoneSimulator.Build.0 = Release|iPhoneSimulator
		{6719B446-3285-488F-A0DD-0B690E28F51A}.Release|iPhoneSimulator.Deploy.0 = Release|iPhoneSimulator
		{6719B446-3285-488F-A0DD-0B690E28F51A}.Release|x64.ActiveCfg = Release|iPhone
		{6719B446-3285-488F-A0DD-0B690E28F51A}.Release|x64.Build.0 = Release|iPhone
		{6719B446-3285-488F-A0DD-0B690E28F51A}.Release|x64.Deploy.0 = Release|iPhone
		{6719B446-3285-488F-A0DD-0B690E28F51A}.Release|x86.ActiveCfg = Release|iPhone
		{6719B446-3285-488F-A0DD-0B690E28F51A}.Release|x86.Build.0 = Release|iPhone
		{6719B446-3285-488F-A0DD-0B690E28F51A}.Release|x86.Deploy.0 = Release|iPhone
		{8F226AF4-EF5F-48F2-A0C7-2F90A03D2694}.Debug|Any CPU.ActiveCfg = Debug|Any CPU
		{8F226AF4-EF5F-48F2-A0C7-2F90A03D2694}.Debug|Any CPU.Build.0 = Debug|Any CPU
		{8F226AF4-EF5F-48F2-A0C7-2F90A03D2694}.Debug|Any CPU.Deploy.0 = Debug|Any CPU
		{8F226AF4-EF5F-48F2-A0C7-2F90A03D2694}.Debug|ARM.ActiveCfg = Debug|Any CPU
		{8F226AF4-EF5F-48F2-A0C7-2F90A03D2694}.Debug|ARM.Build.0 = Debug|Any CPU
		{8F226AF4-EF5F-48F2-A0C7-2F90A03D2694}.Debug|ARM.Deploy.0 = Debug|Any CPU
		{8F226AF4-EF5F-48F2-A0C7-2F90A03D2694}.Debug|iPhone.ActiveCfg = Debug|Any CPU
		{8F226AF4-EF5F-48F2-A0C7-2F90A03D2694}.Debug|iPhone.Build.0 = Debug|Any CPU
		{8F226AF4-EF5F-48F2-A0C7-2F90A03D2694}.Debug|iPhone.Deploy.0 = Debug|Any CPU
		{8F226AF4-EF5F-48F2-A0C7-2F90A03D2694}.Debug|iPhoneSimulator.ActiveCfg = Debug|Any CPU
		{8F226AF4-EF5F-48F2-A0C7-2F90A03D2694}.Debug|iPhoneSimulator.Build.0 = Debug|Any CPU
		{8F226AF4-EF5F-48F2-A0C7-2F90A03D2694}.Debug|iPhoneSimulator.Deploy.0 = Debug|Any CPU
		{8F226AF4-EF5F-48F2-A0C7-2F90A03D2694}.Debug|x64.ActiveCfg = Debug|Any CPU
		{8F226AF4-EF5F-48F2-A0C7-2F90A03D2694}.Debug|x64.Build.0 = Debug|Any CPU
		{8F226AF4-EF5F-48F2-A0C7-2F90A03D2694}.Debug|x64.Deploy.0 = Debug|Any CPU
		{8F226AF4-EF5F-48F2-A0C7-2F90A03D2694}.Debug|x86.ActiveCfg = Debug|Any CPU
		{8F226AF4-EF5F-48F2-A0C7-2F90A03D2694}.Debug|x86.Build.0 = Debug|Any CPU
		{8F226AF4-EF5F-48F2-A0C7-2F90A03D2694}.Debug|x86.Deploy.0 = Debug|Any CPU
		{8F226AF4-EF5F-48F2-A0C7-2F90A03D2694}.Release|Any CPU.ActiveCfg = Release|Any CPU
		{8F226AF4-EF5F-48F2-A0C7-2F90A03D2694}.Release|Any CPU.Build.0 = Release|Any CPU
		{8F226AF4-EF5F-48F2-A0C7-2F90A03D2694}.Release|Any CPU.Deploy.0 = Release|Any CPU
		{8F226AF4-EF5F-48F2-A0C7-2F90A03D2694}.Release|ARM.ActiveCfg = Release|Any CPU
		{8F226AF4-EF5F-48F2-A0C7-2F90A03D2694}.Release|ARM.Build.0 = Release|Any CPU
		{8F226AF4-EF5F-48F2-A0C7-2F90A03D2694}.Release|ARM.Deploy.0 = Release|Any CPU
		{8F226AF4-EF5F-48F2-A0C7-2F90A03D2694}.Release|iPhone.ActiveCfg = Release|Any CPU
		{8F226AF4-EF5F-48F2-A0C7-2F90A03D2694}.Release|iPhone.Build.0 = Release|Any CPU
		{8F226AF4-EF5F-48F2-A0C7-2F90A03D2694}.Release|iPhone.Deploy.0 = Release|Any CPU
		{8F226AF4-EF5F-48F2-A0C7-2F90A03D2694}.Release|iPhoneSimulator.ActiveCfg = Release|Any CPU
		{8F226AF4-EF5F-48F2-A0C7-2F90A03D2694}.Release|iPhoneSimulator.Build.0 = Release|Any CPU
		{8F226AF4-EF5F-48F2-A0C7-2F90A03D2694}.Release|iPhoneSimulator.Deploy.0 = Release|Any CPU
		{8F226AF4-EF5F-48F2-A0C7-2F90A03D2694}.Release|x64.ActiveCfg = Release|Any CPU
		{8F226AF4-EF5F-48F2-A0C7-2F90A03D2694}.Release|x64.Build.0 = Release|Any CPU
		{8F226AF4-EF5F-48F2-A0C7-2F90A03D2694}.Release|x64.Deploy.0 = Release|Any CPU
		{8F226AF4-EF5F-48F2-A0C7-2F90A03D2694}.Release|x86.ActiveCfg = Release|Any CPU
		{8F226AF4-EF5F-48F2-A0C7-2F90A03D2694}.Release|x86.Build.0 = Release|Any CPU
		{8F226AF4-EF5F-48F2-A0C7-2F90A03D2694}.Release|x86.Deploy.0 = Release|Any CPU
	EndGlobalSection
	GlobalSection(SolutionProperties) = preSolution
		HideSolutionNode = FALSE
	EndGlobalSection
	GlobalSection(ExtensibilityGlobals) = postSolution
		SolutionGuid = {407B4387-01A1-4A9D-87DD-2FCF4A58A6CE}
	EndGlobalSection
EndGlobal
